// !$*UTF8*$!
{
	archiveVersion = 1;
	classes = {
	};
	objectVersion = 77;
	objects = {

/* Begin PBXContainerItemProxy section */
		5C2F9A912F2C8EB80065B620 /* PBXContainerItemProxy */ = {
			isa = PBXContainerItemProxy;
			containerPortal = 5C2F9A7B2F2C8EB70065B620 /* Project object */;
			proxyType = 1;
			remoteGlobalIDString = 5C2F9A822F2C8EB70065B620;
			remoteInfo = "GitHub Explorer";
		};
		5C2F9A9B2F2C8EB80065B620 /* PBXContainerItemProxy */ = {
			isa = PBXContainerItemProxy;
			containerPortal = 5C2F9A7B2F2C8EB70065B620 /* Project object */;
			proxyType = 1;
			remoteGlobalIDString = 5C2F9A822F2C8EB70065B620;
			remoteInfo = "GitHub Explorer";
		};
/* End PBXContainerItemProxy section */

/* Begin PBXFileReference section */
		5C2F9A832F2C8EB70065B620 /* GitHub Explorer.app */ = {isa = PBXFileReference; explicitFileType = wrapper.application; includeInIndex = 0; path = "GitHub Explorer.app"; sourceTree = BUILT_PRODUCTS_DIR; };
		5C2F9A902F2C8EB80065B620 /* GitHub ExplorerTests.xctest */ = {isa = PBXFileReference; explicitFileType = wrapper.cfbundle; includeInIndex = 0; path = "GitHub ExplorerTests.xctest"; sourceTree = BUILT_PRODUCTS_DIR; };
		5C2F9A9A2F2C8EB80065B620 /* GitHub ExplorerUITests.xctest */ = {isa = PBXFileReference; explicitFileType = wrapper.cfbundle; includeInIndex = 0; path = "GitHub ExplorerUITests.xctest"; sourceTree = BUILT_PRODUCTS_DIR; };
/* End PBXFileReference section */

/* Begin PBXFileSystemSynchronizedRootGroup section */
		5C2F9A852F2C8EB70065B620 /* GitHub Explorer */ = {
			isa = PBXFileSystemSynchronizedRootGroup;
			path = "GitHub Explorer";
			sourceTree = "<group>";
		};
		5C2F9A932F2C8EB80065B620 /* GitHub ExplorerTests */ = {
			isa = PBXFileSystemSynchronizedRootGroup;
			path = "GitHub ExplorerTests";
			sourceTree = "<group>";
		};
		5C2F9A9D2F2C8EB80065B620 /* GitHub ExplorerUITests */ = {
			isa = PBXFileSystemSynchronizedRootGroup;
			path = "GitHub ExplorerUITests";
			sourceTree = "<group>";
		};
/* End PBXFileSystemSynchronizedRootGroup section */

/* Begin PBXFrameworksBuildPhase section */
		5C2F9A802F2C8EB70065B620 /* Frameworks */ = {
			isa = PBXFrameworksBuildPhase;
			buildActionMask = 2147483647;
			files = (
			);
			runOnlyForDeploymentPostprocessing = 0;
		};
		5C2F9A8D2F2C8EB80065B620 /* Frameworks */ = {
			isa = PBXFrameworksBuildPhase;
			buildActionMask = 2147483647;
			files = (
			);
			runOnlyForDeploymentPostprocessing = 0;
		};
		5C2F9A972F2C8EB80065B620 /* Frameworks */ = {
			isa = PBXFrameworksBuildPhase;
			buildActionMask = 2147483647;
			files = (
			);
			runOnlyForDeploymentPostprocessing = 0;
		};
/* End PBXFrameworksBuildPhase section */

/* Begin PBXGroup section */
		5C2F9A7A2F2C8EB70065B620 = {
			isa = PBXGroup;
			children = (
				5C2F9A852F2C8EB70065B620 /* GitHub Explorer */,
				5C2F9A932F2C8EB80065B620 /* GitHub ExplorerTests */,
				5C2F9A9D2F2C8EB80065B620 /* GitHub ExplorerUITests */,
				5C2F9A842F2C8EB70065B620 /* Products */,
			);
			sourceTree = "<group>";
		};
		5C2F9A842F2C8EB70065B620 /* Products */ = {
			isa = PBXGroup;
			children = (
				5C2F9A832F2C8EB70065B620 /* GitHub Explorer.app */,
				5C2F9A902F2C8EB80065B620 /* GitHub ExplorerTests.xctest */,
				5C2F9A9A2F2C8EB80065B620 /* GitHub ExplorerUITests.xctest */,
			);
			name = Products;
			sourceTree = "<group>";
		};
/* End PBXGroup section */

/* Begin PBXNativeTarget section */
		5C2F9A822F2C8EB70065B620 /* GitHub Explorer */ = {
			isa = PBXNativeTarget;
			buildConfigurationList = 5C2F9AA42F2C8EB80065B620 /* Build configuration list for PBXNativeTarget "GitHub Explorer" */;
			buildPhases = (
				5C2F9A7F2F2C8EB70065B620 /* Sources */,
				5C2F9A802F2C8EB70065B620 /* Frameworks */,
				5C2F9A812F2C8EB70065B620 /* Resources */,
			);
			buildRules = (
			);
			dependencies = (
			);
			fileSystemSynchronizedGroups = (
				5C2F9A852F2C8EB70065B620 /* GitHub Explorer */,
			);
			name = "GitHub Explorer";
			packageProductDependencies = (
			);
			productName = "GitHub Explorer";
			productReference = 5C2F9A832F2C8EB70065B620 /* GitHub Explorer.app */;
			productType = "com.apple.product-type.application";
		};
		5C2F9A8F2F2C8EB80065B620 /* GitHub ExplorerTests */ = {
			isa = PBXNativeTarget;
			buildConfigurationList = 5C2F9AA72F2C8EB80065B620 /* Build configuration list for PBXNativeTarget "GitHub ExplorerTests" */;
			buildPhases = (
				5C2F9A8C2F2C8EB80065B620 /* Sources */,
				5C2F9A8D2F2C8EB80065B620 /* Frameworks */,
				5C2F9A8E2F2C8EB80065B620 /* Resources */,
			);
			buildRules = (
			);
			dependencies = (
				5C2F9A922F2C8EB80065B620 /* PBXTargetDependency */,
			);
			fileSystemSynchronizedGroups = (
				5C2F9A932F2C8EB80065B620 /* GitHub ExplorerTests */,
			);
			name = "GitHub ExplorerTests";
			packageProductDependencies = (
			);
			productName = "GitHub ExplorerTests";
			productReference = 5C2F9A902F2C8EB80065B620 /* GitHub ExplorerTests.xctest */;
			productType = "com.apple.product-type.bundle.unit-test";
		};
		5C2F9A992F2C8EB80065B620 /* GitHub ExplorerUITests */ = {
			isa = PBXNativeTarget;
			buildConfigurationList = 5C2F9AAA2F2C8EB80065B620 /* Build configuration list for PBXNativeTarget "GitHub ExplorerUITests" */;
			buildPhases = (
				5C2F9A962F2C8EB80065B620 /* Sources */,
				5C2F9A972F2C8EB80065B620 /* Frameworks */,
				5C2F9A982F2C8EB80065B620 /* Resources */,
			);
			buildRules = (
			);
			dependencies = (
				5C2F9A9C2F2C8EB80065B620 /* PBXTargetDependency */,
			);
			fileSystemSynchronizedGroups = (
				5C2F9A9D2F2C8EB80065B620 /* GitHub ExplorerUITests */,
			);
			name = "GitHub ExplorerUITests";
			packageProductDependencies = (
			);
			productName = "GitHub ExplorerUITests";
			productReference = 5C2F9A9A2F2C8EB80065B620 /* GitHub ExplorerUITests.xctest */;
			productType = "com.apple.product-type.bundle.ui-testing";
		};
/* End PBXNativeTarget section */

/* Begin PBXProject section */
		5C2F9A7B2F2C8EB70065B620 /* Project object */ = {
			isa = PBXProject;
			attributes = {
				BuildIndependentTargetsInParallel = 1;
				LastSwiftUpdateCheck = 2610;
				LastUpgradeCheck = 2610;
				TargetAttributes = {
					5C2F9A822F2C8EB70065B620 = {
						CreatedOnToolsVersion = 26.1.1;
					};
					5C2F9A8F2F2C8EB80065B620 = {
						CreatedOnToolsVersion = 26.1.1;
						TestTargetID = 5C2F9A822F2C8EB70065B620;
					};
					5C2F9A992F2C8EB80065B620 = {
						CreatedOnToolsVersion = 26.1.1;
						TestTargetID = 5C2F9A822F2C8EB70065B620;
					};
				};
			};
			buildConfigurationList = 5C2F9A7E2F2C8EB70065B620 /* Build configuration list for PBXProject "GitHub Explorer" */;
			developmentRegion = en;
			hasScannedForEncodings = 0;
			knownRegions = (
				en,
				Base,
			);
			mainGroup = 5C2F9A7A2F2C8EB70065B620;
			minimizedProjectReferenceProxies = 1;
			preferredProjectObjectVersion = 77;
			productRefGroup = 5C2F9A842F2C8EB70065B620 /* Products */;
			projectDirPath = "";
			projectRoot = "";
			targets = (
				5C2F9A822F2C8EB70065B620 /* GitHub Explorer */,
				5C2F9A8F2F2C8EB80065B620 /* GitHub ExplorerTests */,
				5C2F9A992F2C8EB80065B620 /* GitHub ExplorerUITests */,
			);
		};
/* End PBXProject section */

/* Begin PBXResourcesBuildPhase section */
		5C2F9A812F2C8EB70065B620 /* Resources */ = {
			isa = PBXResourcesBuildPhase;
			buildActionMask = 2147483647;
			files = (
			);
			runOnlyForDeploymentPostprocessing = 0;
		};
		5C2F9A8E2F2C8EB80065B620 /* Resources */ = {
			isa = PBXResourcesBuildPhase;
			buildActionMask = 2147483647;
			files = (
			);
			runOnlyForDeploymentPostprocessing = 0;
		};
		5C2F9A982F2C8EB80065B620 /* Resources */ = {
			isa = PBXResourcesBuildPhase;
			buildActionMask = 2147483647;
			files = (
			);
			runOnlyForDeploymentPostprocessing = 0;
		};
/* End PBXResourcesBuildPhase section */

/* Begin PBXSourcesBuildPhase section */
		5C2F9A7F2F2C8EB70065B620 /* Sources */ = {
			isa = PBXSourcesBuildPhase;
			buildActionMask = 2147483647;
			files = (
			);
			runOnlyForDeploymentPostprocessing = 0;
		};
		5C2F9A8C2F2C8EB80065B620 /* Sources */ = {
			isa = PBXSourcesBuildPhase;
			buildActionMask = 2147483647;
			files = (
			);
			runOnlyForDeploymentPostprocessing = 0;
		};
		5C2F9A962F2C8EB80065B620 /* Sources */ = {
			isa = PBXSourcesBuildPhase;
			buildActionMask = 2147483647;
			files = (
			);
			runOnlyForDeploymentPostprocessing = 0;
		};
/* End PBXSourcesBuildPhase section */

/* Begin PBXTargetDependency section */
		5C2F9A922F2C8EB80065B620 /* PBXTargetDependency */ = {
			isa = PBXTargetDependency;
			target = 5C2F9A822F2C8EB70065B620 /* GitHub Explorer */;
			targetProxy = 5C2F9A912F2C8EB80065B620 /* PBXContainerItemProxy */;
		};
		5C2F9A9C2F2C8EB80065B620 /* PBXTargetDependency */ = {
			isa = PBXTargetDependency;
			target = 5C2F9A822F2C8EB70065B620 /* GitHub Explorer */;
			targetProxy = 5C2F9A9B2F2C8EB80065B620 /* PBXContainerItemProxy */;
		};
/* End PBXTargetDependency section */

/* Begin XCBuildConfiguration section */
		5C2F9AA22F2C8EB80065B620 /* Debug */ = {
			isa = XCBuildConfiguration;
			buildSettings = {
				ALWAYS_SEARCH_USER_PATHS = NO;
				ASSETCATALOG_COMPILER_GENERATE_SWIFT_ASSET_SYMBOL_EXTENSIONS = YES;
				CLANG_ANALYZER_NONNULL = YES;
				CLANG_ANALYZER_NUMBER_OBJECT_CONVERSION = YES_AGGRESSIVE;
				CLANG_CXX_LANGUAGE_STANDARD = "gnu++20";
				CLANG_ENABLE_MODULES = YES;
				CLANG_ENABLE_OBJC_ARC = YES;
				CLANG_ENABLE_OBJC_WEAK = YES;
				CLANG_WARN_BLOCK_CAPTURE_AUTORELEASING = YES;
				CLANG_WARN_BOOL_CONVERSION = YES;
				CLANG_WARN_COMMA = YES;
				CLANG_WARN_CONSTANT_CONVERSION = YES;
				CLANG_WARN_DEPRECATED_OBJC_IMPLEMENTATIONS = YES;
				CLANG_WARN_DIRECT_OBJC_ISA_USAGE = YES_ERROR;
				CLANG_WARN_DOCUMENTATION_COMMENTS = YES;
				CLANG_WARN_EMPTY_BODY = YES;
				CLANG_WARN_ENUM_CONVERSION = YES;
				CLANG_WARN_INFINITE_RECURSION = YES;
				CLANG_WARN_INT_CONVERSION = YES;
				CLANG_WARN_NON_LITERAL_NULL_CONVERSION = YES;
				CLANG_WARN_OBJC_IMPLICIT_RETAIN_SELF = YES;
				CLANG_WARN_OBJC_LITERAL_CONVERSION = YES;
				CLANG_WARN_OBJC_ROOT_CLASS = YES_ERROR;
				CLANG_WARN_QUOTED_INCLUDE_IN_FRAMEWORK_HEADER = YES;
				CLANG_WARN_RANGE_LOOP_ANALYSIS = YES;
				CLANG_WARN_STRICT_PROTOTYPES = YES;
				CLANG_WARN_SUSPICIOUS_MOVE = YES;
				CLANG_WARN_UNGUARDED_AVAILABILITY = YES_AGGRESSIVE;
				CLANG_WARN_UNREACHABLE_CODE = YES;
				CLANG_WARN__DUPLICATE_METHOD_MATCH = YES;
				COPY_PHASE_STRIP = NO;
				DEBUG_INFORMATION_FORMAT = dwarf;
				ENABLE_STRICT_OBJC_MSGSEND = YES;
				ENABLE_TESTABILITY = YES;
				ENABLE_USER_SCRIPT_SANDBOXING = YES;
				GCC_C_LANGUAGE_STANDARD = gnu17;
				GCC_DYNAMIC_NO_PIC = NO;
				GCC_NO_COMMON_BLOCKS = YES;
				GCC_OPTIMIZATION_LEVEL = 0;
				GCC_PREPROCESSOR_DEFINITIONS = (
					"DEBUG=1",
					"$(inherited)",
				);
				GCC_WARN_64_TO_32_BIT_CONVERSION = YES;
				GCC_WARN_ABOUT_RETURN_TYPE = YES_ERROR;
				GCC_WARN_UNDECLARED_SELECTOR = YES;
				GCC_WARN_UNINITIALIZED_AUTOS = YES_AGGRESSIVE;
				GCC_WARN_UNUSED_FUNCTION = YES;
				GCC_WARN_UNUSED_VARIABLE = YES;
				IPHONEOS_DEPLOYMENT_TARGET = 26.1;
				LOCALIZATION_PREFERS_STRING_CATALOGS = YES;
				MTL_ENABLE_DEBUG_INFO = INCLUDE_SOURCE;
				MTL_FAST_MATH = YES;
				ONLY_ACTIVE_ARCH = YES;
				SDKROOT = iphoneos;
				SWIFT_ACTIVE_COMPILATION_CONDITIONS = "DEBUG $(inherited)";
				SWIFT_OPTIMIZATION_LEVEL = "-Onone";
			};
			name = Debug;
		};
		5C2F9AA32F2C8EB80065B620 /* Release */ = {
			isa = XCBuildConfiguration;
			buildSettings = {
				ALWAYS_SEARCH_USER_PATHS = NO;
				ASSETCATALOG_COMPILER_GENERATE_SWIFT_ASSET_SYMBOL_EXTENSIONS = YES;
				CLANG_ANALYZER_NONNULL = YES;
				CLANG_ANALYZER_NUMBER_OBJECT_CONVERSION = YES_AGGRESSIVE;
				CLANG_CXX_LANGUAGE_STANDARD = "gnu++20";
				CLANG_ENABLE_MODULES = YES;
				CLANG_ENABLE_OBJC_ARC = YES;
				CLANG_ENABLE_OBJC_WEAK = YES;
				CLANG_WARN_BLOCK_CAPTURE_AUTORELEASING = YES;
				CLANG_WARN_BOOL_CONVERSION = YES;
				CLANG_WARN_COMMA = YES;
				CLANG_WARN_CONSTANT_CONVERSION = YES;
				CLANG_WARN_DEPRECATED_OBJC_IMPLEMENTATIONS = YES;
				CLANG_WARN_DIRECT_OBJC_ISA_USAGE = YES_ERROR;
				CLANG_WARN_DOCUMENTATION_COMMENTS = YES;
				CLANG_WARN_EMPTY_BODY = YES;
				CLANG_WARN_ENUM_CONVERSION = YES;
				CLANG_WARN_INFINITE_RECURSION = YES;
				CLANG_WARN_INT_CONVERSION = YES;
				CLANG_WARN_NON_LITERAL_NULL_CONVERSION = YES;
				CLANG_WARN_OBJC_IMPLICIT_RETAIN_SELF = YES;
				CLANG_WARN_OBJC_LITERAL_CONVERSION = YES;
				CLANG_WARN_OBJC_ROOT_CLASS = YES_ERROR;
				CLANG_WARN_QUOTED_INCLUDE_IN_FRAMEWORK_HEADER = YES;
				CLANG_WARN_RANGE_LOOP_ANALYSIS = YES;
				CLANG_WARN_STRICT_PROTOTYPES = YES;
				CLANG_WARN_SUSPICIOUS_MOVE = YES;
				CLANG_WARN_UNGUARDED_AVAILABILITY = YES_AGGRESSIVE;
				CLANG_WARN_UNREACHABLE_CODE = YES;
				CLANG_WARN__DUPLICATE_METHOD_MATCH = YES;
				COPY_PHASE_STRIP = NO;
				DEBUG_INFORMATION_FORMAT = "dwarf-with-dsym";
				ENABLE_NS_ASSERTIONS = NO;
				ENABLE_STRICT_OBJC_MSGSEND = YES;
				ENABLE_USER_SCRIPT_SANDBOXING = YES;
				GCC_C_LANGUAGE_STANDARD = gnu17;
				GCC_NO_COMMON_BLOCKS = YES;
				GCC_WARN_64_TO_32_BIT_CONVERSION = YES;
				GCC_WARN_ABOUT_RETURN_TYPE = YES_ERROR;
				GCC_WARN_UNDECLARED_SELECTOR = YES;
				GCC_WARN_UNINITIALIZED_AUTOS = YES_AGGRESSIVE;
				GCC_WARN_UNUSED_FUNCTION = YES;
				GCC_WARN_UNUSED_VARIABLE = YES;
				IPHONEOS_DEPLOYMENT_TARGET = 26.1;
				LOCALIZATION_PREFERS_STRING_CATALOGS = YES;
				MTL_ENABLE_DEBUG_INFO = NO;
				MTL_FAST_MATH = YES;
				SDKROOT = iphoneos;
				SWIFT_COMPILATION_MODE = wholemodule;
				VALIDATE_PRODUCT = YES;
			};
			name = Release;
		};
		5C2F9AA52F2C8EB80065B620 /* Debug */ = {
			isa = XCBuildConfiguration;
			buildSettings = {
				ASSETCATALOG_COMPILER_APPICON_NAME = AppIcon;
				ASSETCATALOG_COMPILER_GLOBAL_ACCENT_COLOR_NAME = AccentColor;
				CODE_SIGN_STYLE = Automatic;
				CURRENT_PROJECT_VERSION = 1;
				ENABLE_PREVIEWS = YES;
				GENERATE_INFOPLIST_FILE = YES;
				INFOPLIST_KEY_UIApplicationSceneManifest_Generation = YES;
				INFOPLIST_KEY_UIApplicationSupportsIndirectInputEvents = YES;
				INFOPLIST_KEY_UILaunchScreen_Generation = YES;
				INFOPLIST_KEY_UISupportedInterfaceOrientations_iPad = "UIInterfaceOrientationPortrait UIInterfaceOrientationPortraitUpsideDown UIInterfaceOrientationLandscapeLeft UIInterfaceOrientationLandscapeRight";
				INFOPLIST_KEY_UISupportedInterfaceOrientations_iPhone = "UIInterfaceOrientationPortrait UIInterfaceOrientationLandscapeLeft UIInterfaceOrientationLandscapeRight";
				LD_RUNPATH_SEARCH_PATHS = (
					"$(inherited)",
					"@executable_path/Frameworks",
				);
				MARKETING_VERSION = 1.0;
				PRODUCT_BUNDLE_IDENTIFIER = "com.test.GitHub-Explorer";
				PRODUCT_NAME = "$(TARGET_NAME)";
				STRING_CATALOG_GENERATE_SYMBOLS = YES;
				SWIFT_APPROACHABLE_CONCURRENCY = YES;
				SWIFT_DEFAULT_ACTOR_ISOLATION = MainActor;
				SWIFT_EMIT_LOC_STRINGS = YES;
				SWIFT_UPCOMING_FEATURE_MEMBER_IMPORT_VISIBILITY = YES;
				SWIFT_VERSION = 5.0;
				TARGETED_DEVICE_FAMILY = "1,2";
			};
			name = Debug;
		};
		5C2F9AA62F2C8EB80065B620 /* Release */ = {
			isa = XCBuildConfiguration;
			buildSettings = {
				ASSETCATALOG_COMPILER_APPICON_NAME = AppIcon;
				ASSETCATALOG_COMPILER_GLOBAL_ACCENT_COLOR_NAME = AccentColor;
				CODE_SIGN_STYLE = Automatic;
				CURRENT_PROJECT_VERSION = 1;
				ENABLE_PREVIEWS = YES;
				GENERATE_INFOPLIST_FILE = YES;
				INFOPLIST_KEY_UIApplicationSceneManifest_Generation = YES;
				INFOPLIST_KEY_UIApplicationSupportsIndirectInputEvents = YES;
				INFOPLIST_KEY_UILaunchScreen_Generation = YES;
				INFOPLIST_KEY_UISupportedInterfaceOrientations_iPad = "UIInterfaceOrientationPortrait UIInterfaceOrientationPortraitUpsideDown UIInterfaceOrientationLandscapeLeft UIInterfaceOrientationLandscapeRight";
				INFOPLIST_KEY_UISupportedInterfaceOrientations_iPhone = "UIInterfaceOrientationPortrait UIInterfaceOrientationLandscapeLeft UIInterfaceOrientationLandscapeRight";
				LD_RUNPATH_SEARCH_PATHS = (
					"$(inherited)",
					"@executable_path/Frameworks",
				);
				MARKETING_VERSION = 1.0;
				PRODUCT_BUNDLE_IDENTIFIER = "com.test.GitHub-Explorer";
				PRODUCT_NAME = "$(TARGET_NAME)";
				STRING_CATALOG_GENERATE_SYMBOLS = YES;
				SWIFT_APPROACHABLE_CONCURRENCY = YES;
				SWIFT_DEFAULT_ACTOR_ISOLATION = MainActor;
				SWIFT_EMIT_LOC_STRINGS = YES;
				SWIFT_UPCOMING_FEATURE_MEMBER_IMPORT_VISIBILITY = YES;
				SWIFT_VERSION = 5.0;
				TARGETED_DEVICE_FAMILY = "1,2";
			};
			name = Release;
		};
		5C2F9AA82F2C8EB80065B620 /* Debug */ = {
			isa = XCBuildConfiguration;
			buildSettings = {
				BUNDLE_LOADER = "$(TEST_HOST)";
				CODE_SIGN_STYLE = Automatic;
				CURRENT_PROJECT_VERSION = 1;
				GENERATE_INFOPLIST_FILE = YES;
				IPHONEOS_DEPLOYMENT_TARGET = 26.1;
				MARKETING_VERSION = 1.0;
				PRODUCT_BUNDLE_IDENTIFIER = "com.test.GitHub-ExplorerTests";
				PRODUCT_NAME = "$(TARGET_NAME)";
				STRING_CATALOG_GENERATE_SYMBOLS = NO;
				SWIFT_APPROACHABLE_CONCURRENCY = YES;
				SWIFT_EMIT_LOC_STRINGS = NO;
				SWIFT_UPCOMING_FEATURE_MEMBER_IMPORT_VISIBILITY = YES;
				SWIFT_VERSION = 5.0;
				TARGETED_DEVICE_FAMILY = "1,2";
				TEST_HOST = "$(BUILT_PRODUCTS_DIR)/GitHub Explorer.app/$(BUNDLE_EXECUTABLE_FOLDER_PATH)/GitHub Explorer";
			};
			name = Debug;
		};
		5C2F9AA92F2C8EB80065B620 /* Release */ = {
			isa = XCBuildConfiguration;
			buildSettings = {
				BUNDLE_LOADER = "$(TEST_HOST)";
				CODE_SIGN_STYLE = Automatic;
				CURRENT_PROJECT_VERSION = 1;
				GENERATE_INFOPLIST_FILE = YES;
				IPHONEOS_DEPLOYMENT_TARGET = 26.1;
				MARKETING_VERSION = 1.0;
				PRODUCT_BUNDLE_IDENTIFIER = "com.test.GitHub-ExplorerTests";
				PRODUCT_NAME = "$(TARGET_NAME)";
				STRING_CATALOG_GENERATE_SYMBOLS = NO;
				SWIFT_APPROACHABLE_CONCURRENCY = YES;
				SWIFT_EMIT_LOC_STRINGS = NO;
				SWIFT_UPCOMING_FEATURE_MEMBER_IMPORT_VISIBILITY = YES;
				SWIFT_VERSION = 5.0;
				TARGETED_DEVICE_FAMILY = "1,2";
				TEST_HOST = "$(BUILT_PRODUCTS_DIR)/GitHub Explorer.app/$(BUNDLE_EXECUTABLE_FOLDER_PATH)/GitHub Explorer";
			};
			name = Release;
		};
		5C2F9AAB2F2C8EB80065B620 /* Debug */ = {
			isa = XCBuildConfiguration;
			buildSettings = {
				CODE_SIGN_STYLE = Automatic;
				CURRENT_PROJECT_VERSION = 1;
				GENERATE_INFOPLIST_FILE = YES;
				MARKETING_VERSION = 1.0;
				PRODUCT_BUNDLE_IDENTIFIER = "com.test.GitHub-ExplorerUITests";
				PRODUCT_NAME = "$(TARGET_NAME)";
				STRING_CATALOG_GENERATE_SYMBOLS = NO;
				SWIFT_APPROACHABLE_CONCURRENCY = YES;
				SWIFT_EMIT_LOC_STRINGS = NO;
				SWIFT_UPCOMING_FEATURE_MEMBER_IMPORT_VISIBILITY = YES;
				SWIFT_VERSION = 5.0;
				TARGETED_DEVICE_FAMILY = "1,2";
				TEST_TARGET_NAME = "GitHub Explorer";
			};
			name = Debug;
		};
		5C2F9AAC2F2C8EB80065B620 /* Release */ = {
			isa = XCBuildConfiguration;
			buildSettings = {
				CODE_SIGN_STYLE = Automatic;
				CURRENT_PROJECT_VERSION = 1;
				GENERATE_INFOPLIST_FILE = YES;
				MARKETING_VERSION = 1.0;
				PRODUCT_BUNDLE_IDENTIFIER = "com.test.GitHub-ExplorerUITests";
				PRODUCT_NAME = "$(TARGET_NAME)";
				STRING_CATALOG_GENERATE_SYMBOLS = NO;
				SWIFT_APPROACHABLE_CONCURRENCY = YES;
				SWIFT_EMIT_LOC_STRINGS = NO;
				SWIFT_UPCOMING_FEATURE_MEMBER_IMPORT_VISIBILITY = YES;
				SWIFT_VERSION = 5.0;
				TARGETED_DEVICE_FAMILY = "1,2";
				TEST_TARGET_NAME = "GitHub Explorer";
			};
			name = Release;
		};
/* End XCBuildConfiguration section */

/* Begin XCConfigurationList section */
		5C2F9A7E2F2C8EB70065B620 /* Build configuration list for PBXProject "GitHub Explorer" */ = {
			isa = XCConfigurationList;
			buildConfigurations = (
				5C2F9AA22F2C8EB80065B620 /* Debug */,
				5C2F9AA32F2C8EB80065B620 /* Release */,
			);
			defaultConfigurationIsVisible = 0;
			defaultConfigurationName = Release;
		};
		5C2F9AA42F2C8EB80065B620 /* Build configuration list for PBXNativeTarget "GitHub Explorer" */ = {
			isa = XCConfigurationList;
			buildConfigurations = (
				5C2F9AA52F2C8EB80065B620 /* Debug */,
				5C2F9AA62F2C8EB80065B620 /* Release */,
			);
			defaultConfigurationIsVisible = 0;
			defaultConfigurationName = Release;
		};
		5C2F9AA72F2C8EB80065B620 /* Build configuration list for PBXNativeTarget "GitHub ExplorerTests" */ = {
			isa = XCConfigurationList;
			buildConfigurations = (
				5C2F9AA82F2C8EB80065B620 /* Debug */,
				5C2F9AA92F2C8EB80065B620 /* Release */,
			);
			defaultConfigurationIsVisible = 0;
			defaultConfigurationName = Release;
		};
		5C2F9AAA2F2C8EB80065B620 /* Build configuration list for PBXNativeTarget "GitHub ExplorerUITests" */ = {
			isa = XCConfigurationList;
			buildConfigurations = (
				5C2F9AAB2F2C8EB80065B620 /* Debug */,
				5C2F9AAC2F2C8EB80065B620 /* Release */,
			);
			defaultConfigurationIsVisible = 0;
			defaultConfigurationName = Release;
		};
/* End XCConfigurationList section */
	};
	rootObject = 5C2F9A7B2F2C8EB70065B620 /* Project object */;
}
